// !$*UTF8*$!
{
	archiveVersion = 1;
	classes = {
	};
	objectVersion = 48;
	objects = {

/* Begin PBXBuildFile section */
		1B3996E91FB9B799007B8866 /* AppDelegate.swift in Sources */ = {isa = PBXBuildFile; fileRef = 1B3996E81FB9B799007B8866 /* AppDelegate.swift */; };
		1B3996EB1FB9B799007B8866 /* ViewController.swift in Sources */ = {isa = PBXBuildFile; fileRef = 1B3996EA1FB9B799007B8866 /* ViewController.swift */; };
		1B3996EE1FB9B799007B8866 /* Main.storyboard in Resources */ = {isa = PBXBuildFile; fileRef = 1B3996EC1FB9B799007B8866 /* Main.storyboard */; };
		1B3996F01FB9B799007B8866 /* Assets.xcassets in Resources */ = {isa = PBXBuildFile; fileRef = 1B3996EF1FB9B799007B8866 /* Assets.xcassets */; };
		1B3996F31FB9B799007B8866 /* LaunchScreen.storyboard in Resources */ = {isa = PBXBuildFile; fileRef = 1B3996F11FB9B799007B8866 /* LaunchScreen.storyboard */; };
		1B3996FE1FB9B799007B8866 /* test2appTests.swift in Sources */ = {isa = PBXBuildFile; fileRef = 1B3996FD1FB9B799007B8866 /* test2appTests.swift */; };
/* End PBXBuildFile section */

/* Begin PBXContainerItemProxy section */
		1B3996FA1FB9B799007B8866 /* PBXContainerItemProxy */ = {
			isa = PBXContainerItemProxy;
			containerPortal = 1B3996DD1FB9B799007B8866 /* Project object */;
			proxyType = 1;
			remoteGlobalIDString = 1B3996E41FB9B799007B8866;
			remoteInfo = test2app;
		};
/* End PBXContainerItemProxy section */

/* Begin PBXFileReference section */
		1B3996E51FB9B799007B8866 /* test2app.app */ = {isa = PBXFileReference; explicitFileType = wrapper.application; includeInIndex = 0; path = test2app.app; sourceTree = BUILT_PRODUCTS_DIR; };
		1B3996E81FB9B799007B8866 /* AppDelegate.swift */ = {isa = PBXFileReference; lastKnownFileType = sourcecode.swift; path = AppDelegate.swift; sourceTree = "<group>"; };
		1B3996EA1FB9B799007B8866 /* ViewController.swift */ = {isa = PBXFileReference; lastKnownFileType = sourcecode.swift; path = ViewController.swift; sourceTree = "<group>"; };
		1B3996ED1FB9B799007B8866 /* Base */ = {isa = PBXFileReference; lastKnownFileType = file.storyboard; name = Base; path = Base.lproj/Main.storyboard; sourceTree = "<group>"; };
		1B3996EF1FB9B799007B8866 /* Assets.xcassets */ = {isa = PBXFileReference; lastKnownFileType = folder.assetcatalog; path = Assets.xcassets; sourceTree = "<group>"; };
		1B3996F21FB9B799007B8866 /* Base */ = {isa = PBXFileReference; lastKnownFileType = file.storyboard; name = Base; path = Base.lproj/LaunchScreen.storyboard; sourceTree = "<group>"; };
		1B3996F41FB9B799007B8866 /* Info.plist */ = {isa = PBXFileReference; lastKnownFileType = text.plist.xml; path = Info.plist; sourceTree = "<group>"; };
		1B3996F91FB9B799007B8866 /* test2appTests.xctest */ = {isa = PBXFileReference; explicitFileType = wrapper.cfbundle; includeInIndex = 0; path = test2appTests.xctest; sourceTree = BUILT_PRODUCTS_DIR; };
		1B3996FD1FB9B799007B8866 /* test2appTests.swift */ = {isa = PBXFileReference; lastKnownFileType = sourcecode.swift; path = test2appTests.swift; sourceTree = "<group>"; };
		1B3996FF1FB9B799007B8866 /* Info.plist */ = {isa = PBXFileReference; lastKnownFileType = text.plist.xml; path = Info.plist; sourceTree = "<group>"; };
/* End PBXFileReference section */

/* Begin PBXFrameworksBuildPhase section */
		1B3996E21FB9B799007B8866 /* Frameworks */ = {
			isa = PBXFrameworksBuildPhase;
			buildActionMask = 2147483647;
			files = (
			);
			runOnlyForDeploymentPostprocessing = 0;
		};
		1B3996F61FB9B799007B8866 /* Frameworks */ = {
			isa = PBXFrameworksBuildPhase;
			buildActionMask = 2147483647;
			files = (
			);
			runOnlyForDeploymentPostprocessing = 0;
		};
/* End PBXFrameworksBuildPhase section */

/* Begin PBXGroup section */
		1B3996DC1FB9B799007B8866 = {
			isa = PBXGroup;
			children = (
				1B3996E71FB9B799007B8866 /* test2app */,
				1B3996FC1FB9B799007B8866 /* test2appTests */,
				1B3996E61FB9B799007B8866 /* Products */,
			);
			sourceTree = "<group>";
		};
		1B3996E61FB9B799007B8866 /* Products */ = {
			isa = PBXGroup;
			children = (
				1B3996E51FB9B799007B8866 /* test2app.app */,
				1B3996F91FB9B799007B8866 /* test2appTests.xctest */,
			);
			name = Products;
			sourceTree = "<group>";
		};
		1B3996E71FB9B799007B8866 /* test2app */ = {
			isa = PBXGroup;
			children = (
				1B3996E81FB9B799007B8866 /* AppDelegate.swift */,
				1B3996EA1FB9B799007B8866 /* ViewController.swift */,
				1B3996EC1FB9B799007B8866 /* Main.storyboard */,
				1B3996EF1FB9B799007B8866 /* Assets.xcassets */,
				1B3996F11FB9B799007B8866 /* LaunchScreen.storyboard */,
				1B3996F41FB9B799007B8866 /* Info.plist */,
			);
			path = test2app;
			sourceTree = "<group>";
		};
		1B3996FC1FB9B799007B8866 /* test2appTests */ = {
			isa = PBXGroup;
			children = (
				1B3996FD1FB9B799007B8866 /* test2appTests.swift */,
				1B3996FF1FB9B799007B8866 /* Info.plist */,
			);
			path = test2appTests;
			sourceTree = "<group>";
		};
/* End PBXGroup section */

/* Begin PBXNativeTarget section */
		1B3996E41FB9B799007B8866 /* test2app */ = {
			isa = PBXNativeTarget;
			buildConfigurationList = 1B3997021FB9B799007B8866 /* Build configuration list for PBXNativeTarget "test2app" */;
			buildPhases = (
				1B3996E11FB9B799007B8866 /* Sources */,
				1B3996E21FB9B799007B8866 /* Frameworks */,
				1B3996E31FB9B799007B8866 /* Resources */,
			);
			buildRules = (
			);
			dependencies = (
			);
			name = test2app;
			productName = test2app;
			productReference = 1B3996E51FB9B799007B8866 /* test2app.app */;
			productType = "com.apple.product-type.application";
		};
		1B3996F81FB9B799007B8866 /* test2appTests */ = {
			isa = PBXNativeTarget;
			buildConfigurationList = 1B3997051FB9B799007B8866 /* Build configuration list for PBXNativeTarget "test2appTests" */;
			buildPhases = (
				1B3996F51FB9B799007B8866 /* Sources */,
				1B3996F61FB9B799007B8866 /* Frameworks */,
				1B3996F71FB9B799007B8866 /* Resources */,
			);
			buildRules = (
			);
			dependencies = (
				1B3996FB1FB9B799007B8866 /* PBXTargetDependency */,
			);
			name = test2appTests;
			productName = test2appTests;
			productReference = 1B3996F91FB9B799007B8866 /* test2appTests.xctest */;
			productType = "com.apple.product-type.bundle.unit-test";
		};
/* End PBXNativeTarget section */

/* Begin PBXProject section */
		1B3996DD1FB9B799007B8866 /* Project object */ = {
			isa = PBXProject;
			attributes = {
				LastSwiftUpdateCheck = 0910;
				LastUpgradeCheck = 0910;
				ORGANIZATIONNAME = "Kevin O'Brien";
				TargetAttributes = {
					1B3996E41FB9B799007B8866 = {
						CreatedOnToolsVersion = 9.1;
						ProvisioningStyle = Automatic;
					};
					1B3996F81FB9B799007B8866 = {
						CreatedOnToolsVersion = 9.1;
						ProvisioningStyle = Automatic;
						TestTargetID = 1B3996E41FB9B799007B8866;
					};
				};
			};
			buildConfigurationList = 1B3996E01FB9B799007B8866 /* Build configuration list for PBXProject "test2app" */;
			compatibilityVersion = "Xcode 8.0";
			developmentRegion = en;
			hasScannedForEncodings = 0;
			knownRegions = (
				en,
				Base,
			);
			mainGroup = 1B3996DC1FB9B799007B8866;
			productRefGroup = 1B3996E61FB9B799007B8866 /* Products */;
			projectDirPath = "";
			projectRoot = "";
			targets = (
				1B3996E41FB9B799007B8866 /* test2app */,
				1B3996F81FB9B799007B8866 /* test2appTests */,
			);
		};
/* End PBXProject section */

/* Begin PBXResourcesBuildPhase section */
		1B3996E31FB9B799007B8866 /* Resources */ = {
			isa = PBXResourcesBuildPhase;
			buildActionMask = 2147483647;
			files = (
				1B3996F31FB9B799007B8866 /* LaunchScreen.storyboard in Resources */,
				1B3996F01FB9B799007B8866 /* Assets.xcassets in Resources */,
				1B3996EE1FB9B799007B8866 /* Main.storyboard in Resources */,
			);
			runOnlyForDeploymentPostprocessing = 0;
		};
		1B3996F71FB9B799007B8866 /* Resources */ = {
			isa = PBXResourcesBuildPhase;
			buildActionMask = 2147483647;
			files = (
			);
			runOnlyForDeploymentPostprocessing = 0;
		};
/* End PBXResourcesBuildPhase section */

/* Begin PBXSourcesBuildPhase section */
		1B3996E11FB9B799007B8866 /* Sources */ = {
			isa = PBXSourcesBuildPhase;
			buildActionMask = 2147483647;
			files = (
				1B3996EB1FB9B799007B8866 /* ViewController.swift in Sources */,
				1B3996E91FB9B799007B8866 /* AppDelegate.swift in Sources */,
			);
			runOnlyForDeploymentPostprocessing = 0;
		};
		1B3996F51FB9B799007B8866 /* Sources */ = {
			isa = PBXSourcesBuildPhase;
			buildActionMask = 2147483647;
			files = (
				1B3996FE1FB9B799007B8866 /* test2appTests.swift in Sources */,
			);
			runOnlyForDeploymentPostprocessing = 0;
		};
/* End PBXSourcesBuildPhase section */

/* Begin PBXTargetDependency section */
		1B3996FB1FB9B799007B8866 /* PBXTargetDependency */ = {
			isa = PBXTargetDependency;
			target = 1B3996E41FB9B799007B8866 /* test2app */;
			targetProxy = 1B3996FA1FB9B799007B8866 /* PBXContainerItemProxy */;
		};
/* End PBXTargetDependency section */

/* Begin PBXVariantGroup section */
		1B3996EC1FB9B799007B8866 /* Main.storyboard */ = {
			isa = PBXVariantGroup;
			children = (
				1B3996ED1FB9B799007B8866 /* Base */,
			);
			name = Main.storyboard;
			sourceTree = "<group>";
		};
		1B3996F11FB9B799007B8866 /* LaunchScreen.storyboard */ = {
			isa = PBXVariantGroup;
			children = (
				1B3996F21FB9B799007B8866 /* Base */,
			);
			name = LaunchScreen.storyboard;
			sourceTree = "<group>";
		};
/* End PBXVariantGroup section */

/* Begin XCBuildConfiguration section */
		1B3997001FB9B799007B8866 /* Debug */ = {
			isa = XCBuildConfiguration;
			buildSettings = {
				ALWAYS_SEARCH_USER_PATHS = NO;
				CLANG_ANALYZER_NONNULL = YES;
				CLANG_ANALYZER_NUMBER_OBJECT_CONVERSION = YES_AGGRESSIVE;
				CLANG_CXX_LANGUAGE_STANDARD = "gnu++14";
				CLANG_CXX_LIBRARY = "libc++";
				CLANG_ENABLE_MODULES = YES;
				CLANG_ENABLE_OBJC_ARC = YES;
				CLANG_WARN_BLOCK_CAPTURE_AUTORELEASING = YES;
				CLANG_WARN_BOOL_CONVERSION = YES;
				CLANG_WARN_COMMA = YES;
				CLANG_WARN_CONSTANT_CONVERSION = YES;
				CLANG_WARN_DIRECT_OBJC_ISA_USAGE = YES_ERROR;
				CLANG_WARN_DOCUMENTATION_COMMENTS = YES;
				CLANG_WARN_EMPTY_BODY = YES;
				CLANG_WARN_ENUM_CONVERSION = YES;
				CLANG_WARN_INFINITE_RECURSION = YES;
				CLANG_WARN_INT_CONVERSION = YES;
				CLANG_WARN_NON_LITERAL_NULL_CONVERSION = YES;
				CLANG_WARN_OBJC_LITERAL_CONVERSION = YES;
				CLANG_WARN_OBJC_ROOT_CLASS = YES_ERROR;
				CLANG_WARN_RANGE_LOOP_ANALYSIS = YES;
				CLANG_WARN_STRICT_PROTOTYPES = YES;
				CLANG_WARN_SUSPICIOUS_MOVE = YES;
				CLANG_WARN_UNGUARDED_AVAILABILITY = YES_AGGRESSIVE;
				CLANG_WARN_UNREACHABLE_CODE = YES;
				CLANG_WARN__DUPLICATE_METHOD_MATCH = YES;
				CODE_SIGN_IDENTITY = "iPhone Developer";
				COPY_PHASE_STRIP = NO;
				DEBUG_INFORMATION_FORMAT = dwarf;
				ENABLE_STRICT_OBJC_MSGSEND = YES;
				ENABLE_TESTABILITY = YES;
				GCC_C_LANGUAGE_STANDARD = gnu11;
				GCC_DYNAMIC_NO_PIC = NO;
				GCC_NO_COMMON_BLOCKS = YES;
				GCC_OPTIMIZATION_LEVEL = 0;
				GCC_PREPROCESSOR_DEFINITIONS = (
					"DEBUG=1",
					"$(inherited)",
				);
				GCC_WARN_64_TO_32_BIT_CONVERSION = YES;
				GCC_WARN_ABOUT_RETURN_TYPE = YES_ERROR;
				GCC_WARN_UNDECLARED_SELECTOR = YES;
				GCC_WARN_UNINITIALIZED_AUTOS = YES_AGGRESSIVE;
				GCC_WARN_UNUSED_FUNCTION = YES;
				GCC_WARN_UNUSED_VARIABLE = YES;
				IPHONEOS_DEPLOYMENT_TARGET = 11.1;
				MTL_ENABLE_DEBUG_INFO = YES;
				ONLY_ACTIVE_ARCH = YES;
				SDKROOT = iphoneos;
				SWIFT_ACTIVE_COMPILATION_CONDITIONS = DEBUG;
				SWIFT_OPTIMIZATION_LEVEL = "-Onone";
			};
			name = Debug;
		};
		1B3997011FB9B799007B8866 /* Release */ = {
			isa = XCBuildConfiguration;
			buildSettings = {
				ALWAYS_SEARCH_USER_PATHS = NO;
				CLANG_ANALYZER_NONNULL = YES;
				CLANG_ANALYZER_NUMBER_OBJECT_CONVERSION = YES_AGGRESSIVE;
				CLANG_CXX_LANGUAGE_STANDARD = "gnu++14";
				CLANG_CXX_LIBRARY = "libc++";
				CLANG_ENABLE_MODULES = YES;
				CLANG_ENABLE_OBJC_ARC = YES;
				CLANG_WARN_BLOCK_CAPTURE_AUTORELEASING = YES;
				CLANG_WARN_BOOL_CONVERSION = YES;
				CLANG_WARN_COMMA = YES;
				CLANG_WARN_CONSTANT_CONVERSION = YES;
				CLANG_WARN_DIRECT_OBJC_ISA_USAGE = YES_ERROR;
				CLANG_WARN_DOCUMENTATION_COMMENTS = YES;
				CLANG_WARN_EMPTY_BODY = YES;
				CLANG_WARN_ENUM_CONVERSION = YES;
				CLANG_WARN_INFINITE_RECURSION = YES;
				CLANG_WARN_INT_CONVERSION = YES;
				CLANG_WARN_NON_LITERAL_NULL_CONVERSION = YES;
				CLANG_WARN_OBJC_LITERAL_CONVERSION = YES;
				CLANG_WARN_OBJC_ROOT_CLASS = YES_ERROR;
				CLANG_WARN_RANGE_LOOP_ANALYSIS = YES;
				CLANG_WARN_STRICT_PROTOTYPES = YES;
				CLANG_WARN_SUSPICIOUS_MOVE = YES;
				CLANG_WARN_UNGUARDED_AVAILABILITY = YES_AGGRESSIVE;
				CLANG_WARN_UNREACHABLE_CODE = YES;
				CLANG_WARN__DUPLICATE_METHOD_MATCH = YES;
				CODE_SIGN_IDENTITY = "iPhone Developer";
				COPY_PHASE_STRIP = NO;
				DEBUG_INFORMATION_FORMAT = "dwarf-with-dsym";
				ENABLE_NS_ASSERTIONS = NO;
				ENABLE_STRICT_OBJC_MSGSEND = YES;
				GCC_C_LANGUAGE_STANDARD = gnu11;
				GCC_NO_COMMON_BLOCKS = YES;
				GCC_WARN_64_TO_32_BIT_CONVERSION = YES;
				GCC_WARN_ABOUT_RETURN_TYPE = YES_ERROR;
				GCC_WARN_UNDECLARED_SELECTOR = YES;
				GCC_WARN_UNINITIALIZED_AUTOS = YES_AGGRESSIVE;
				GCC_WARN_UNUSED_FUNCTION = YES;
				GCC_WARN_UNUSED_VARIABLE = YES;
				IPHONEOS_DEPLOYMENT_TARGET = 11.1;
				MTL_ENABLE_DEBUG_INFO = NO;
				SDKROOT = iphoneos;
				SWIFT_OPTIMIZATION_LEVEL = "-Owholemodule";
				VALIDATE_PRODUCT = YES;
			};
			name = Release;
		};
		1B3997031FB9B799007B8866 /* Debug */ = {
			isa = XCBuildConfiguration;
			buildSettings = {
				ASSETCATALOG_COMPILER_APPICON_NAME = AppIcon;
				CODE_SIGN_STYLE = Automatic;
				DEVELOPMENT_TEAM = 3YV8N2N7TB;
				INFOPLIST_FILE = test2app/Info.plist;
				LD_RUNPATH_SEARCH_PATHS = "$(inherited) @executable_path/Frameworks";
				PRODUCT_BUNDLE_IDENTIFIER = com.example.test2app;
				PRODUCT_NAME = "$(TARGET_NAME)";
				SWIFT_VERSION = 4.0;
				TARGETED_DEVICE_FAMILY = "1,2";
			};
			name = Debug;
		};
		1B3997041FB9B799007B8866 /* Release */ = {
			isa = XCBuildConfiguration;
			buildSettings = {
				ASSETCATALOG_COMPILER_APPICON_NAME = AppIcon;
				CODE_SIGN_STYLE = Automatic;
				DEVELOPMENT_TEAM = 3YV8N2N7TB;
				INFOPLIST_FILE = test2app/Info.plist;
				LD_RUNPATH_SEARCH_PATHS = "$(inherited) @executable_path/Frameworks";
				PRODUCT_BUNDLE_IDENTIFIER = com.example.test2app;
				PRODUCT_NAME = "$(TARGET_NAME)";
				SWIFT_VERSION = 4.0;
				TARGETED_DEVICE_FAMILY = "1,2";
			};
			name = Release;
		};
		1B3997061FB9B799007B8866 /* Debug */ = {
			isa = XCBuildConfiguration;
			buildSettings = {
				ALWAYS_EMBED_SWIFT_STANDARD_LIBRARIES = YES;
				BUNDLE_LOADER = "$(TEST_HOST)";
				CODE_SIGN_STYLE = Automatic;
				DEVELOPMENT_TEAM = 3YV8N2N7TB;
				INFOPLIST_FILE = test2appTests/Info.plist;
				LD_RUNPATH_SEARCH_PATHS = "$(inherited) @executable_path/Frameworks @loader_path/Frameworks";
				PRODUCT_BUNDLE_IDENTIFIER = com.example.test2appTests;
				PRODUCT_NAME = "$(TARGET_NAME)";
				SWIFT_VERSION = 4.0;
				TARGETED_DEVICE_FAMILY = "1,2";
				TEST_HOST = "$(BUILT_PRODUCTS_DIR)/test2app.app/test2app";
			};
			name = Debug;
		};
		1B3997071FB9B799007B8866 /* Release */ = {
			isa = XCBuildConfiguration;
			buildSettings = {
				ALWAYS_EMBED_SWIFT_STANDARD_LIBRARIES = YES;
				BUNDLE_LOADER = "$(TEST_HOST)";
				CODE_SIGN_STYLE = Automatic;
				DEVELOPMENT_TEAM = 3YV8N2N7TB;
				INFOPLIST_FILE = test2appTests/Info.plist;
				LD_RUNPATH_SEARCH_PATHS = "$(inherited) @executable_path/Frameworks @loader_path/Frameworks";
				PRODUCT_BUNDLE_IDENTIFIER = com.example.test2appTests;
				PRODUCT_NAME = "$(TARGET_NAME)";
				SWIFT_VERSION = 4.0;
				TARGETED_DEVICE_FAMILY = "1,2";
				TEST_HOST = "$(BUILT_PRODUCTS_DIR)/test2app.app/test2app";
			};
			name = Release;
		};
/* End XCBuildConfiguration section */

/* Begin XCConfigurationList section */
		1B3996E01FB9B799007B8866 /* Build configuration list for PBXProject "test2app" */ = {
			isa = XCConfigurationList;
			buildConfigurations = (
				1B3997001FB9B799007B8866 /* Debug */,
				1B3997011FB9B799007B8866 /* Release */,
			);
			defaultConfigurationIsVisible = 0;
			defaultConfigurationName = Release;
		};
		1B3997021FB9B799007B8866 /* Build configuration list for PBXNativeTarget "test2app" */ = {
			isa = XCConfigurationList;
			buildConfigurations = (
				1B3997031FB9B799007B8866 /* Debug */,
				1B3997041FB9B799007B8866 /* Release */,
			);
			defaultConfigurationIsVisible = 0;
			defaultConfigurationName = Release;
		};
		1B3997051FB9B799007B8866 /* Build configuration list for PBXNativeTarget "test2appTests" */ = {
			isa = XCConfigurationList;
			buildConfigurations = (
				1B3997061FB9B799007B8866 /* Debug */,
				1B3997071FB9B799007B8866 /* Release */,
			);
			defaultConfigurationIsVisible = 0;
			defaultConfigurationName = Release;
		};
/* End XCConfigurationList section */
	};
	rootObject = 1B3996DD1FB9B799007B8866 /* Project object */;
}
